# THIS IS AN AUTOGENERATED FILE. DO NOT EDIT THIS FILE DIRECTLY.
# yarn lockfile v1


dep-core@../dep-core:
  version "1.0.0"
  dependencies:
    dep-dep-core "../dep-dep-core"

dep-dep-core@../dep-dep-core, dep-dep-core@../dep-rn:
  version "1.0.0"

pkg-core@../pkg-core:
  version "1.0.0"

pkg-rn@../pkg-rn:
  version "1.0.0"
  dependencies:
    dep-core "../dep-core"
