# THIS IS AN AUTOGENERATED FILE. DO NOT EDIT THIS FILE DIRECTLY.
# yarn lockfile v1


node-hello@../node-hello:
  version "1.0.0"

node-injected@../node-injected:
  version "1.0.0"

wrapper@../wrapper:
  version "1.0.0"
  dependencies:
    node-hello "../node-hello"
    node-injected "../node-injected"
